
Microsoft Visual Studio Solution File, Format Version 12.00
# Visual Studio Version 17
VisualStudioVersion = 17.5.33424.131
MinimumVisualStudioVersion = 10.0.40219.1
Project("{FAE04EC0-301F-11D3-BF4B-00C04F79EFBC}") = "InterfaceAnstractDemo", "InterfaceAnstractDemo.csproj", "{E36D21F3-0BBC-4881-8956-4C2BB1CCFA2B}"
EndProject
Global
	GlobalSection(SolutionConfigurationPlatforms) = preSolution
		Debug|Any CPU = Debug|Any CPU
		Release|Any CPU = Release|Any CPU
	EndGlobalSection
	GlobalSection(ProjectConfigurationPlatforms) = postSolution
		{E36D21F3-0BBC-4881-8956-4C2BB1CCFA2B}.Debug|Any CPU.ActiveCfg = Debug|Any CPU
		{E36D21F3-0BBC-4881-8956-4C2BB1CCFA2B}.Debug|Any CPU.Build.0 = Debug|Any CPU
		{E36D21F3-0BBC-4881-8956-4C2BB1CCFA2B}.Release|Any CPU.ActiveCfg = Release|Any CPU
		{E36D21F3-0BBC-4881-8956-4C2BB1CCFA2B}.Release|Any CPU.Build.0 = Release|Any CPU
	EndGlobalSection
	GlobalSection(SolutionProperties) = preSolution
		HideSolutionNode = FALSE
	EndGlobalSection
	GlobalSection(ExtensibilityGlobals) = postSolution
		SolutionGuid = {EF2C658E-5768-40A9-AD43-3F241918C2FA}
	EndGlobalSection
EndGlobal
